
Microsoft Visual Studio Solution File, Format Version 12.00
# Visual Studio 15
VisualStudioVersion = 15.0.28307.1231
MinimumVisualStudioVersion = 10.0.40219.1
Project("{8BC9CEB8-8B4A-11D0-8D11-00A0C91BC942}") = "CSJAudioVideoTool", "CSJAudioVideoTool\CSJAudioVideoTool.vcxproj", "{D086BC3B-9155-4395-9AF2-D211F115334A}"
	ProjectSection(ProjectDependencies) = postProject
		{1071DAEF-FE47-4E34-AB4F-5463B65FD197} = {1071DAEF-FE47-4E34-AB4F-5463B65FD197}
	EndProjectSection
EndProject
Project("{8BC9CEB8-8B4A-11D0-8D11-00A0C91BC942}") = "GLTool", "CSJAudioVideoTool\GLTool\GLTool.vcxproj", "{1071DAEF-FE47-4E34-AB4F-5463B65FD197}"
EndProject
Project("{8BC9CEB8-8B4A-11D0-8D11-00A0C91BC942}") = "CSJMediaPegTools", "CSJMediaPegTools\CSJMediaPegTools.vcxproj", "{F01AD5A0-BD00-4362-88C7-4EC88ED0A21C}"
EndProject
Project("{8BC9CEB8-8B4A-11D0-8D11-00A0C91BC942}") = "CSJMFMediaTools", "CSJMFMediaTools\CSJMFMediaTools.vcxproj", "{659F922D-D4A8-4565-8059-EF7FF0FA7605}"
EndProject
Project("{8BC9CEB8-8B4A-11D0-8D11-00A0C91BC942}") = "base", "DuiLib\base\base.vcxproj", "{8D9A6595-717A-41C8-B468-0011A72BE3D1}"
EndProject
Project("{8BC9CEB8-8B4A-11D0-8D11-00A0C91BC942}") = "duilib", "DuiLib\duilib\duilib.vcxproj", "{E106ACD7-4E53-4AEE-942B-D0DD426DB34E}"
EndProject
Project("{8BC9CEB8-8B4A-11D0-8D11-00A0C91BC942}") = "ui_components", "DuiLib\ui_components\ui_components.vcxproj", "{0149BA6E-3C0A-426D-AA0A-0B9EC7742F19}"
EndProject
Project("{2150E333-8FDC-42A3-9474-1A3956D46DE8}") = "Dui", "Dui", "{BDB060E7-C89E-4AB5-8BF2-FF0A0AA7FFCB}"
EndProject
Project("{8BC9CEB8-8B4A-11D0-8D11-00A0C91BC942}") = "CSJCommonTools", "CSJCommonTools\CSJCommonTools.vcxproj", "{B29E13AC-00AF-4F84-AA5C-19DF661FB945}"
EndProject
Global
	GlobalSection(SolutionConfigurationPlatforms) = preSolution
		Debug|x64 = Debug|x64
		Debug|x86 = Debug|x86
		Release|x64 = Release|x64
		Release|x86 = Release|x86
	EndGlobalSection
	GlobalSection(ProjectConfigurationPlatforms) = postSolution
		{D086BC3B-9155-4395-9AF2-D211F115334A}.Debug|x64.ActiveCfg = Debug|x64
		{D086BC3B-9155-4395-9AF2-D211F115334A}.Debug|x64.Build.0 = Debug|x64
		{D086BC3B-9155-4395-9AF2-D211F115334A}.Debug|x86.ActiveCfg = Debug|Win32
		{D086BC3B-9155-4395-9AF2-D211F115334A}.Debug|x86.Build.0 = Debug|Win32
		{D086BC3B-9155-4395-9AF2-D211F115334A}.Release|x64.ActiveCfg = Release|x64
		{D086BC3B-9155-4395-9AF2-D211F115334A}.Release|x64.Build.0 = Release|x64
		{D086BC3B-9155-4395-9AF2-D211F115334A}.Release|x86.ActiveCfg = Release|Win32
		{D086BC3B-9155-4395-9AF2-D211F115334A}.Release|x86.Build.0 = Release|Win32
		{1071DAEF-FE47-4E34-AB4F-5463B65FD197}.Debug|x64.ActiveCfg = Debug|x64
		{1071DAEF-FE47-4E34-AB4F-5463B65FD197}.Debug|x64.Build.0 = Debug|x64
		{1071DAEF-FE47-4E34-AB4F-5463B65FD197}.Debug|x86.ActiveCfg = Debug|Win32
		{1071DAEF-FE47-4E34-AB4F-5463B65FD197}.Debug|x86.Build.0 = Debug|Win32
		{1071DAEF-FE47-4E34-AB4F-5463B65FD197}.Release|x64.ActiveCfg = Release|x64
		{1071DAEF-FE47-4E34-AB4F-5463B65FD197}.Release|x64.Build.0 = Release|x64
		{1071DAEF-FE47-4E34-AB4F-5463B65FD197}.Release|x86.ActiveCfg = Release|Win32
		{1071DAEF-FE47-4E34-AB4F-5463B65FD197}.Release|x86.Build.0 = Release|Win32
		{F01AD5A0-BD00-4362-88C7-4EC88ED0A21C}.Debug|x64.ActiveCfg = Debug|x64
		{F01AD5A0-BD00-4362-88C7-4EC88ED0A21C}.Debug|x64.Build.0 = Debug|x64
		{F01AD5A0-BD00-4362-88C7-4EC88ED0A21C}.Debug|x86.ActiveCfg = Debug|Win32
		{F01AD5A0-BD00-4362-88C7-4EC88ED0A21C}.Debug|x86.Build.0 = Debug|Win32
		{F01AD5A0-BD00-4362-88C7-4EC88ED0A21C}.Release|x64.ActiveCfg = Release|x64
		{F01AD5A0-BD00-4362-88C7-4EC88ED0A21C}.Release|x64.Build.0 = Release|x64
		{F01AD5A0-BD00-4362-88C7-4EC88ED0A21C}.Release|x86.ActiveCfg = Release|Win32
		{F01AD5A0-BD00-4362-88C7-4EC88ED0A21C}.Release|x86.Build.0 = Release|Win32
		{659F922D-D4A8-4565-8059-EF7FF0FA7605}.Debug|x64.ActiveCfg = Debug|x64
		{659F922D-D4A8-4565-8059-EF7FF0FA7605}.Debug|x64.Build.0 = Debug|x64
		{659F922D-D4A8-4565-8059-EF7FF0FA7605}.Debug|x86.ActiveCfg = Debug|Win32
		{659F922D-D4A8-4565-8059-EF7FF0FA7605}.Debug|x86.Build.0 = Debug|Win32
		{659F922D-D4A8-4565-8059-EF7FF0FA7605}.Release|x64.ActiveCfg = Release|x64
		{659F922D-D4A8-4565-8059-EF7FF0FA7605}.Release|x64.Build.0 = Release|x64
		{659F922D-D4A8-4565-8059-EF7FF0FA7605}.Release|x86.ActiveCfg = Release|Win32
		{659F922D-D4A8-4565-8059-EF7FF0FA7605}.Release|x86.Build.0 = Release|Win32
		{8D9A6595-717A-41C8-B468-0011A72BE3D1}.Debug|x64.ActiveCfg = Debug|x64
		{8D9A6595-717A-41C8-B468-0011A72BE3D1}.Debug|x64.Build.0 = Debug|x64
		{8D9A6595-717A-41C8-B468-0011A72BE3D1}.Debug|x86.ActiveCfg = Debug|Win32
		{8D9A6595-717A-41C8-B468-0011A72BE3D1}.Debug|x86.Build.0 = Debug|Win32
		{8D9A6595-717A-41C8-B468-0011A72BE3D1}.Release|x64.ActiveCfg = Release|x64
		{8D9A6595-717A-41C8-B468-0011A72BE3D1}.Release|x64.Build.0 = Release|x64
		{8D9A6595-717A-41C8-B468-0011A72BE3D1}.Release|x86.ActiveCfg = Release|Win32
		{8D9A6595-717A-41C8-B468-0011A72BE3D1}.Release|x86.Build.0 = Release|Win32
		{E106ACD7-4E53-4AEE-942B-D0DD426DB34E}.Debug|x64.ActiveCfg = Debug|x64
		{E106ACD7-4E53-4AEE-942B-D0DD426DB34E}.Debug|x64.Build.0 = Debug|x64
		{E106ACD7-4E53-4AEE-942B-D0DD426DB34E}.Debug|x86.ActiveCfg = Debug|Win32
		{E106ACD7-4E53-4AEE-942B-D0DD426DB34E}.Debug|x86.Build.0 = Debug|Win32
		{E106ACD7-4E53-4AEE-942B-D0DD426DB34E}.Release|x64.ActiveCfg = Release|x64
		{E106ACD7-4E53-4AEE-942B-D0DD426DB34E}.Release|x64.Build.0 = Release|x64
		{E106ACD7-4E53-4AEE-942B-D0DD426DB34E}.Release|x86.ActiveCfg = Release|Win32
		{E106ACD7-4E53-4AEE-942B-D0DD426DB34E}.Release|x86.Build.0 = Release|Win32
		{0149BA6E-3C0A-426D-AA0A-0B9EC7742F19}.Debug|x64.ActiveCfg = Debug|x64
		{0149BA6E-3C0A-426D-AA0A-0B9EC7742F19}.Debug|x64.Build.0 = Debug|x64
		{0149BA6E-3C0A-426D-AA0A-0B9EC7742F19}.Debug|x86.ActiveCfg = Debug|Win32
		{0149BA6E-3C0A-426D-AA0A-0B9EC7742F19}.Debug|x86.Build.0 = Debug|Win32
		{0149BA6E-3C0A-426D-AA0A-0B9EC7742F19}.Release|x64.ActiveCfg = Release|x64
		{0149BA6E-3C0A-426D-AA0A-0B9EC7742F19}.Release|x64.Build.0 = Release|x64
		{0149BA6E-3C0A-426D-AA0A-0B9EC7742F19}.Release|x86.ActiveCfg = Release|Win32
		{0149BA6E-3C0A-426D-AA0A-0B9EC7742F19}.Release|x86.Build.0 = Release|Win32
		{B29E13AC-00AF-4F84-AA5C-19DF661FB945}.Debug|x64.ActiveCfg = Debug|x64
		{B29E13AC-00AF-4F84-AA5C-19DF661FB945}.Debug|x64.Build.0 = Debug|x64
		{B29E13AC-00AF-4F84-AA5C-19DF661FB945}.Debug|x86.ActiveCfg = Debug|Win32
		{B29E13AC-00AF-4F84-AA5C-19DF661FB945}.Debug|x86.Build.0 = Debug|Win32
		{B29E13AC-00AF-4F84-AA5C-19DF661FB945}.Release|x64.ActiveCfg = Release|x64
		{B29E13AC-00AF-4F84-AA5C-19DF661FB945}.Release|x64.Build.0 = Release|x64
		{B29E13AC-00AF-4F84-AA5C-19DF661FB945}.Release|x86.ActiveCfg = Release|Win32
		{B29E13AC-00AF-4F84-AA5C-19DF661FB945}.Release|x86.Build.0 = Release|Win32
	EndGlobalSection
	GlobalSection(SolutionProperties) = preSolution
		HideSolutionNode = FALSE
	EndGlobalSection
	GlobalSection(NestedProjects) = preSolution
		{8D9A6595-717A-41C8-B468-0011A72BE3D1} = {BDB060E7-C89E-4AB5-8BF2-FF0A0AA7FFCB}
		{E106ACD7-4E53-4AEE-942B-D0DD426DB34E} = {BDB060E7-C89E-4AB5-8BF2-FF0A0AA7FFCB}
		{0149BA6E-3C0A-426D-AA0A-0B9EC7742F19} = {BDB060E7-C89E-4AB5-8BF2-FF0A0AA7FFCB}
	EndGlobalSection
	GlobalSection(ExtensibilityGlobals) = postSolution
		SolutionGuid = {CBC12EA8-9EDB-45A5-9419-B5EC470722D7}
	EndGlobalSection
EndGlobal
