<?xml version="1.0" encoding="utf-8"?>
<Project ToolsVersion="4.0" xmlns="http://schemas.microsoft.com/developer/msbuild/2003">
  <ItemGroup>
    <Filter Include="main">
      <UniqueIdentifier>{3d9522a1-d977-433d-bf6a-ee0fdaaeb979}</UniqueIdentifier>
    </Filter>
    <Filter Include="CommonData">
      <UniqueIdentifier>{1163cc04-7f01-46b2-a4bb-9cf465514fd4}</UniqueIdentifier>
    </Filter>
    <Filter Include="main\资源文件">
      <UniqueIdentifier>{67DA6AB6-F800-4c08-8B7A-83BB121AAD01}</UniqueIdentifier>
      <Extensions>rc;ico;cur;bmp;dlg;rc2;rct;bin;rgs;gif;jpg;jpeg;jpe;resx;tiff;tif;png;wav;mfcribbon-ms</Extensions>
    </Filter>
    <Filter Include="CSJMediaHandlers">
      <UniqueIdentifier>{8afe1d9f-b895-4660-ade7-780b53cb8c0e}</UniqueIdentifier>
    </Filter>
    <Filter Include="CSJMediaModules">
      <UniqueIdentifier>{4bb972d1-8bac-409c-936d-66b0c41710e4}</UniqueIdentifier>
    </Filter>
    <Filter Include="UIKits">
      <UniqueIdentifier>{d37a0fe3-62c3-46f5-9e70-62b5f4bbfab0}</UniqueIdentifier>
    </Filter>
  </ItemGroup>
  <ItemGroup>
    <ClInclude Include="main\main.h">
      <Filter>main</Filter>
    </ClInclude>
    <ClInclude Include="main\ToolWindow.h">
      <Filter>main</Filter>
    </ClInclude>
    <ClInclude Include="main\CSJRenderWindow.h">
      <Filter>main</Filter>
    </ClInclude>
    <ClInclude Include="CommonData\CSJDataManager.h">
      <Filter>CommonData</Filter>
    </ClInclude>
    <ClInclude Include="CommonData\CSJLogManager.h">
      <Filter>CommonData</Filter>
    </ClInclude>
    <ClInclude Include="main\targetver.h">
      <Filter>main</Filter>
    </ClInclude>
    <ClInclude Include="CSJAVAudioHandler.h">
      <Filter>main</Filter>
    </ClInclude>
    <ClInclude Include="CSJMediaHandlers\CSJMediaHandlerBase.h">
      <Filter>CSJMediaHandlers</Filter>
    </ClInclude>
    <ClInclude Include="CSJMediaHandlers\CSJMediaLiveHandler.h">
      <Filter>CSJMediaHandlers</Filter>
    </ClInclude>
    <ClInclude Include="CSJMediaModules\CSJMediaLiveFrame.h">
      <Filter>CSJMediaModules</Filter>
    </ClInclude>
    <ClInclude Include="UIKits\CSJUIModuleBase.h">
      <Filter>UIKits</Filter>
    </ClInclude>
  </ItemGroup>
  <ItemGroup>
    <ClCompile Include="main\ToolWindow.cpp">
      <Filter>main</Filter>
    </ClCompile>
    <ClCompile Include="main\CSJRenderWindow.cpp">
      <Filter>main</Filter>
    </ClCompile>
    <ClCompile Include="CommonData\CSJDataManager.cpp">
      <Filter>CommonData</Filter>
    </ClCompile>
    <ClCompile Include="CommonData\CSJLogManager.cpp">
      <Filter>CommonData</Filter>
    </ClCompile>
    <ClCompile Include="main\main.cpp">
      <Filter>main</Filter>
    </ClCompile>
    <ClCompile Include="CSJAVAudioHandler.cpp">
      <Filter>main</Filter>
    </ClCompile>
    <ClCompile Include="CSJMediaHandlers\CSJMediaHandlerBase.cpp">
      <Filter>CSJMediaHandlers</Filter>
    </ClCompile>
    <ClCompile Include="CSJMediaHandlers\CSJMediaLiveHandler.cpp">
      <Filter>CSJMediaHandlers</Filter>
    </ClCompile>
    <ClCompile Include="CSJMediaModules\CSJMediaLiveFrame.cpp">
      <Filter>CSJMediaModules</Filter>
    </ClCompile>
    <ClCompile Include="UIKits\CSJUIModuleBase.cpp">
      <Filter>UIKits</Filter>
    </ClCompile>
  </ItemGroup>
</Project>