<?xml version="1.0" encoding="utf-8"?>
<Project ToolsVersion="4.0" xmlns="http://schemas.microsoft.com/developer/msbuild/2003">
  <ItemGroup>
    <Filter Include="源文件">
      <UniqueIdentifier>{4FC737F1-C7A5-4376-A066-2A32D752A2FF}</UniqueIdentifier>
      <Extensions>cpp;c;cc;cxx;def;odl;idl;hpj;bat;asm;asmx</Extensions>
    </Filter>
    <Filter Include="头文件">
      <UniqueIdentifier>{93995380-89BD-4b04-88EB-625FBE52EBFB}</UniqueIdentifier>
      <Extensions>h;hh;hpp;hxx;hm;inl;inc;ipp;xsd</Extensions>
    </Filter>
    <Filter Include="资源文件">
      <UniqueIdentifier>{67DA6AB6-F800-4c08-8B7A-83BB121AAD01}</UniqueIdentifier>
      <Extensions>rc;ico;cur;bmp;dlg;rc2;rct;bin;rgs;gif;jpg;jpeg;jpe;resx;tiff;tif;png;wav;mfcribbon-ms</Extensions>
    </Filter>
    <Filter Include="CSJMediaPlayer">
      <UniqueIdentifier>{80f924ce-94f9-40d4-80bd-5872eb1b405a}</UniqueIdentifier>
    </Filter>
    <Filter Include="CSJMediaExtracter">
      <UniqueIdentifier>{3433b752-ab01-4dc6-aa40-1a694c83d681}</UniqueIdentifier>
    </Filter>
    <Filter Include="CSJMediaExtracterImpl">
      <UniqueIdentifier>{e1a67685-fee1-4c36-95f9-256c4656b263}</UniqueIdentifier>
    </Filter>
    <Filter Include="CSJMediaUtils">
      <UniqueIdentifier>{b5d3abd9-8220-4c86-90ef-5d5bbc467295}</UniqueIdentifier>
    </Filter>
    <Filter Include="CSJMediaTransformerImpl">
      <UniqueIdentifier>{18ea0bef-9731-4731-ab48-3dd35012f4c4}</UniqueIdentifier>
    </Filter>
    <Filter Include="CSJMediaTransformer">
      <UniqueIdentifier>{af2ac490-afe5-40c4-8b0e-138b90613844}</UniqueIdentifier>
    </Filter>
    <Filter Include="CSJMediaEncoder">
      <UniqueIdentifier>{446936c7-cb2b-46da-9a4a-d8dc49e8eb73}</UniqueIdentifier>
    </Filter>
  </ItemGroup>
  <ItemGroup>
    <ClInclude Include="framework.h">
      <Filter>头文件</Filter>
    </ClInclude>
    <ClInclude Include="pch.h">
      <Filter>头文件</Filter>
    </ClInclude>
    <ClInclude Include="CSJMediaExtracter\CSJMediaExtracter.h">
      <Filter>CSJMediaExtracter</Filter>
    </ClInclude>
    <ClInclude Include="CSJMediaExtracterImpl\CSJMediaExtracterImpl.h">
      <Filter>CSJMediaExtracterImpl</Filter>
    </ClInclude>
    <ClInclude Include="CSJMediaPegToolDefine.h">
      <Filter>头文件</Filter>
    </ClInclude>
    <ClInclude Include="CSJMediaUtils\CSJMediaLog.h">
      <Filter>CSJMediaUtils</Filter>
    </ClInclude>
    <ClInclude Include="CSJMediaPlayer.h">
      <Filter>CSJMediaPlayer</Filter>
    </ClInclude>
    <ClInclude Include="CSJMediaPegHeader.h">
      <Filter>头文件</Filter>
    </ClInclude>
    <ClInclude Include="CSJMediaTransformer\CSJMediaTransformer.h">
      <Filter>CSJMediaTransformer</Filter>
    </ClInclude>
    <ClInclude Include="CSJMediaTransformerImpl\CSJMediaTransformerImpl.h">
      <Filter>CSJMediaTransformerImpl</Filter>
    </ClInclude>
    <ClInclude Include="CSJMediaEncoder\CSJMediaEncoder.h">
      <Filter>CSJMediaEncoder</Filter>
    </ClInclude>
    <ClInclude Include="CSJMediaEncoder\CSJMediaEncoderImpl.h">
      <Filter>CSJMediaEncoder</Filter>
    </ClInclude>
  </ItemGroup>
  <ItemGroup>
    <ClCompile Include="dllmain.cpp">
      <Filter>源文件</Filter>
    </ClCompile>
    <ClCompile Include="pch.cpp">
      <Filter>源文件</Filter>
    </ClCompile>
    <ClCompile Include="CSJMediaExtracterImpl\CSJMediaExtracterImpl.cpp">
      <Filter>CSJMediaExtracterImpl</Filter>
    </ClCompile>
    <ClCompile Include="CSJMediaUtils\CSJMediaLog.cpp">
      <Filter>CSJMediaUtils</Filter>
    </ClCompile>
    <ClCompile Include="CSJMediaPlayer.cpp">
      <Filter>CSJMediaPlayer</Filter>
    </ClCompile>
    <ClCompile Include="CSJMediaTransformerImpl\CSJMediaTransformerImpl.cpp">
      <Filter>CSJMediaTransformerImpl</Filter>
    </ClCompile>
    <ClCompile Include="CSJMediaEncoder\CSJMediaEncoderImpl.cpp">
      <Filter>CSJMediaEncoder</Filter>
    </ClCompile>
  </ItemGroup>
</Project>